
Microsoft Visual Studio Solution File, Format Version 12.00
# Visual Studio Version 17
VisualStudioVersion = 17.4.33213.308
MinimumVisualStudioVersion = 10.0.40219.1
Project("{9A19103F-16F7-4668-BE54-9A1E7A4F7556}") = "Blazor", "Blazor\Blazor.csproj", "{333DC808-8327-4B7A-8912-48F1EFC098ED}"
EndProject
Project("{9A19103F-16F7-4668-BE54-9A1E7A4F7556}") = "Datos", "Datos\Datos.csproj", "{A2E41F22-D80F-4443-B5E8-D2F4C7FE81F8}"
EndProject
Project("{9A19103F-16F7-4668-BE54-9A1E7A4F7556}") = "Modelos", "Modelos\Modelos.csproj", "{01C5BCAC-0142-4AB7-BE7B-B8B8167BE30C}"
EndProject
Global
	GlobalSection(SolutionConfigurationPlatforms) = preSolution
		Debug|Any CPU = Debug|Any CPU
		Release|Any CPU = Release|Any CPU
	EndGlobalSection
	GlobalSection(ProjectConfigurationPlatforms) = postSolution
		{333DC808-8327-4B7A-8912-48F1EFC098ED}.Debug|Any CPU.ActiveCfg = Debug|Any CPU
		{333DC808-8327-4B7A-8912-48F1EFC098ED}.Debug|Any CPU.Build.0 = Debug|Any CPU
		{333DC808-8327-4B7A-8912-48F1EFC098ED}.Release|Any CPU.ActiveCfg = Release|Any CPU
		{333DC808-8327-4B7A-8912-48F1EFC098ED}.Release|Any CPU.Build.0 = Release|Any CPU
		{A2E41F22-D80F-4443-B5E8-D2F4C7FE81F8}.Debug|Any CPU.ActiveCfg = Debug|Any CPU
		{A2E41F22-D80F-4443-B5E8-D2F4C7FE81F8}.Debug|Any CPU.Build.0 = Debug|Any CPU
		{A2E41F22-D80F-4443-B5E8-D2F4C7FE81F8}.Release|Any CPU.ActiveCfg = Release|Any CPU
		{A2E41F22-D80F-4443-B5E8-D2F4C7FE81F8}.Release|Any CPU.Build.0 = Release|Any CPU
		{01C5BCAC-0142-4AB7-BE7B-B8B8167BE30C}.Debug|Any CPU.ActiveCfg = Debug|Any CPU
		{01C5BCAC-0142-4AB7-BE7B-B8B8167BE30C}.Debug|Any CPU.Build.0 = Debug|Any CPU
		{01C5BCAC-0142-4AB7-BE7B-B8B8167BE30C}.Release|Any CPU.ActiveCfg = Release|Any CPU
		{01C5BCAC-0142-4AB7-BE7B-B8B8167BE30C}.Release|Any CPU.Build.0 = Release|Any CPU
	EndGlobalSection
	GlobalSection(SolutionProperties) = preSolution
		HideSolutionNode = FALSE
	EndGlobalSection
	GlobalSection(ExtensibilityGlobals) = postSolution
		SolutionGuid = {1BCB1A0B-44DD-4E81-9E96-1824A98D993C}
	EndGlobalSection
EndGlobal
